
Microsoft Visual Studio Solution File, Format Version 12.00
# Visual Studio Version 17
VisualStudioVersion = 17.14.37216.2
MinimumVisualStudioVersion = 10.0.40219.1
Project("{FAE04EC0-301F-11D3-BF4B-00C04F79EFBC}") = "SistemaProveedores.API", "SistemaProveedores.API\SistemaProveedores.API.csproj", "{43E18C8B-DC62-3B69-0426-DC7E17EA0FB4}"
EndProject
Project("{FAE04EC0-301F-11D3-BF4B-00C04F79EFBC}") = "SistemaProveedores.Domain", "SistemaProveedores.Domain\SistemaProveedores.Domain.csproj", "{7B2A0E9F-F9A4-C876-DCEB-5028B3F17348}"
EndProject
Project("{FAE04EC0-301F-11D3-BF4B-00C04F79EFBC}") = "SistemaProveedores.Infrastructure", "SistemaProveedores.Infrastructure\SistemaProveedores.Infrastructure.csproj", "{2BA3A7BA-7B50-479D-B04D-A5F8E64BF884}"
EndProject
Global
	GlobalSection(SolutionConfigurationPlatforms) = preSolution
		Debug|Any CPU = Debug|Any CPU
		Release|Any CPU = Release|Any CPU
	EndGlobalSection
	GlobalSection(ProjectConfigurationPlatforms) = postSolution
		{43E18C8B-DC62-3B69-0426-DC7E17EA0FB4}.Debug|Any CPU.ActiveCfg = Debug|Any CPU
		{43E18C8B-DC62-3B69-0426-DC7E17EA0FB4}.Debug|Any CPU.Build.0 = Debug|Any CPU
		{43E18C8B-DC62-3B69-0426-DC7E17EA0FB4}.Release|Any CPU.ActiveCfg = Release|Any CPU
		{43E18C8B-DC62-3B69-0426-DC7E17EA0FB4}.Release|Any CPU.Build.0 = Release|Any CPU
		{7B2A0E9F-F9A4-C876-DCEB-5028B3F17348}.Debug|Any CPU.ActiveCfg = Debug|Any CPU
		{7B2A0E9F-F9A4-C876-DCEB-5028B3F17348}.Debug|Any CPU.Build.0 = Debug|Any CPU
		{7B2A0E9F-F9A4-C876-DCEB-5028B3F17348}.Release|Any CPU.ActiveCfg = Release|Any CPU
		{7B2A0E9F-F9A4-C876-DCEB-5028B3F17348}.Release|Any CPU.Build.0 = Release|Any CPU
		{2BA3A7BA-7B50-479D-B04D-A5F8E64BF884}.Debug|Any CPU.ActiveCfg = Debug|Any CPU
		{2BA3A7BA-7B50-479D-B04D-A5F8E64BF884}.Debug|Any CPU.Build.0 = Debug|Any CPU
		{2BA3A7BA-7B50-479D-B04D-A5F8E64BF884}.Release|Any CPU.ActiveCfg = Release|Any CPU
		{2BA3A7BA-7B50-479D-B04D-A5F8E64BF884}.Release|Any CPU.Build.0 = Release|Any CPU
	EndGlobalSection
	GlobalSection(SolutionProperties) = preSolution
		HideSolutionNode = FALSE
	EndGlobalSection
	GlobalSection(ExtensibilityGlobals) = postSolution
		SolutionGuid = {3005FB9E-9885-4A94-82F3-322B4052DDA4}
	EndGlobalSection
EndGlobal
